
Microsoft Visual Studio Solution File, Format Version 12.00
# Visual Studio Version 16
VisualStudioVersion = 16.0.29411.108
MinimumVisualStudioVersion = 10.0.40219.1
Project("{FAE04EC0-301F-11D3-BF4B-00C04F79EFBC}") = "WebApplication3", "WebApplication3\WebApplication3.csproj", "{C5C66C3B-B544-4CE5-850D-7430B9CB4DC1}"
EndProject
Global
	GlobalSection(SolutionConfigurationPlatforms) = preSolution
		Debug|Any CPU = Debug|Any CPU
		Release|Any CPU = Release|Any CPU
	EndGlobalSection
	GlobalSection(ProjectConfigurationPlatforms) = postSolution
		{C5C66C3B-B544-4CE5-850D-7430B9CB4DC1}.Debug|Any CPU.ActiveCfg = Debug|Any CPU
		{C5C66C3B-B544-4CE5-850D-7430B9CB4DC1}.Debug|Any CPU.Build.0 = Debug|Any CPU
		{C5C66C3B-B544-4CE5-850D-7430B9CB4DC1}.Release|Any CPU.ActiveCfg = Release|Any CPU
		{C5C66C3B-B544-4CE5-850D-7430B9CB4DC1}.Release|Any CPU.Build.0 = Release|Any CPU
	EndGlobalSection
	GlobalSection(SolutionProperties) = preSolution
		HideSolutionNode = FALSE
	EndGlobalSection
	GlobalSection(ExtensibilityGlobals) = postSolution
		SolutionGuid = {BB0D23DC-9EA8-4E37-824A-B779A423CBC6}
	EndGlobalSection
EndGlobal
